
Microsoft Visual Studio Solution File, Format Version 12.00
Project("{FAE04EC0-301F-11D3-BF4B-00C04F79EFBC}") = "Lab05_25", "Lab05_25.csproj", "{75AA41B1-B3B8-4E69-B71B-9F5312C59B33}"
EndProject
Global
	GlobalSection(SolutionConfigurationPlatforms) = preSolution
		Debug|Any CPU = Debug|Any CPU
		Release|Any CPU = Release|Any CPU
	EndGlobalSection
	GlobalSection(ProjectConfigurationPlatforms) = postSolution
		{75AA41B1-B3B8-4E69-B71B-9F5312C59B33}.Debug|Any CPU.ActiveCfg = Debug|Any CPU
		{75AA41B1-B3B8-4E69-B71B-9F5312C59B33}.Debug|Any CPU.Build.0 = Debug|Any CPU
		{75AA41B1-B3B8-4E69-B71B-9F5312C59B33}.Release|Any CPU.ActiveCfg = Release|Any CPU
		{75AA41B1-B3B8-4E69-B71B-9F5312C59B33}.Release|Any CPU.Build.0 = Release|Any CPU
	EndGlobalSection
EndGlobal
