
Microsoft Visual Studio Solution File, Format Version 12.00
Project("{FAE04EC0-301F-11D3-BF4B-00C04F79EFBC}") = "Pola", "Pola.csproj", "{0490E7FF-0171-4D9D-8422-A334712004AB}"
EndProject
Global
	GlobalSection(SolutionConfigurationPlatforms) = preSolution
		Debug|Any CPU = Debug|Any CPU
		Release|Any CPU = Release|Any CPU
	EndGlobalSection
	GlobalSection(ProjectConfigurationPlatforms) = postSolution
		{0490E7FF-0171-4D9D-8422-A334712004AB}.Debug|Any CPU.ActiveCfg = Debug|Any CPU
		{0490E7FF-0171-4D9D-8422-A334712004AB}.Debug|Any CPU.Build.0 = Debug|Any CPU
		{0490E7FF-0171-4D9D-8422-A334712004AB}.Release|Any CPU.ActiveCfg = Release|Any CPU
		{0490E7FF-0171-4D9D-8422-A334712004AB}.Release|Any CPU.Build.0 = Release|Any CPU
	EndGlobalSection
EndGlobal
